
Microsoft Visual Studio Solution File, Format Version 12.00
# Visual Studio Version 17
VisualStudioVersion = 17.11.35327.3
MinimumVisualStudioVersion = 10.0.40219.1
Project("{FAE04EC0-301F-11D3-BF4B-00C04F79EFBC}") = "MyContact-API", "MyContact-API\MyContact-API.csproj", "{8B29CE22-F219-40B4-BD27-2F4D6F67242D}"
EndProject
Global
	GlobalSection(SolutionConfigurationPlatforms) = preSolution
		Debug|Any CPU = Debug|Any CPU
		Release|Any CPU = Release|Any CPU
	EndGlobalSection
	GlobalSection(ProjectConfigurationPlatforms) = postSolution
		{8B29CE22-F219-40B4-BD27-2F4D6F67242D}.Debug|Any CPU.ActiveCfg = Debug|Any CPU
		{8B29CE22-F219-40B4-BD27-2F4D6F67242D}.Debug|Any CPU.Build.0 = Debug|Any CPU
		{8B29CE22-F219-40B4-BD27-2F4D6F67242D}.Release|Any CPU.ActiveCfg = Release|Any CPU
		{8B29CE22-F219-40B4-BD27-2F4D6F67242D}.Release|Any CPU.Build.0 = Release|Any CPU
	EndGlobalSection
	GlobalSection(SolutionProperties) = preSolution
		HideSolutionNode = FALSE
	EndGlobalSection
	GlobalSection(ExtensibilityGlobals) = postSolution
		SolutionGuid = {883796EF-496B-4B7C-A797-0BE0C26C1BD8}
	EndGlobalSection
EndGlobal
